
Microsoft Visual Studio Solution File, Format Version 12.00
# Visual Studio Version 16
VisualStudioVersion = 16.0.31129.286
MinimumVisualStudioVersion = 10.0.40219.1
Project("{FAE04EC0-301F-11D3-BF4B-00C04F79EFBC}") = "PaintDotNet.Quantization", "PaintDotNet.Quantization.csproj", "{292412D4-AB89-43E6-B9B3-C9C172BDA70C}"
EndProject
Global
	GlobalSection(SolutionConfigurationPlatforms) = preSolution
		Debug|Any CPU = Debug|Any CPU
		Release|Any CPU = Release|Any CPU
	EndGlobalSection
	GlobalSection(ProjectConfigurationPlatforms) = postSolution
		{292412D4-AB89-43E6-B9B3-C9C172BDA70C}.Debug|Any CPU.ActiveCfg = Debug|Any CPU
		{292412D4-AB89-43E6-B9B3-C9C172BDA70C}.Debug|Any CPU.Build.0 = Debug|Any CPU
		{292412D4-AB89-43E6-B9B3-C9C172BDA70C}.Release|Any CPU.ActiveCfg = Release|Any CPU
		{292412D4-AB89-43E6-B9B3-C9C172BDA70C}.Release|Any CPU.Build.0 = Release|Any CPU
	EndGlobalSection
	GlobalSection(SolutionProperties) = preSolution
		HideSolutionNode = FALSE
	EndGlobalSection
	GlobalSection(ExtensibilityGlobals) = postSolution
		SolutionGuid = {18CC6F58-E700-414B-B75D-586FAD6120D0}
	EndGlobalSection
EndGlobal
